{
  "originHash" : "46f27ca8311d822a443e6d0921637e80ae4c50bfb2abd6d7fc27e94af34e3f03",
  "pins" : [
    {
      "identity" : "colorful",
      "kind" : "remoteSourceControl",
      "location" : "https://github.com/Lakr233/Colorful.git",
      "state" : {
        "revision" : "d673ab1b5aaaf2f968fdd73830e318fd4c6910f3",
        "version" : "1.1.1"
      }
    }
  ],
  "version" : 3
}
